
Microsoft Visual Studio Solution File, Format Version 12.00
# Visual Studio Version 17
VisualStudioVersion = 17.11.35327.3
MinimumVisualStudioVersion = 10.0.40219.1
Project("{FAE04EC0-301F-11D3-BF4B-00C04F79EFBC}") = "P01_StudentSystem", "P01_StudentSystem.csproj", "{65E761FB-5A56-4661-986C-D3DB6432D655}"
EndProject
Global
	GlobalSection(SolutionConfigurationPlatforms) = preSolution
		Debug|Any CPU = Debug|Any CPU
		Release|Any CPU = Release|Any CPU
	EndGlobalSection
	GlobalSection(ProjectConfigurationPlatforms) = postSolution
		{65E761FB-5A56-4661-986C-D3DB6432D655}.Debug|Any CPU.ActiveCfg = Debug|Any CPU
		{65E761FB-5A56-4661-986C-D3DB6432D655}.Debug|Any CPU.Build.0 = Debug|Any CPU
		{65E761FB-5A56-4661-986C-D3DB6432D655}.Release|Any CPU.ActiveCfg = Release|Any CPU
		{65E761FB-5A56-4661-986C-D3DB6432D655}.Release|Any CPU.Build.0 = Release|Any CPU
	EndGlobalSection
	GlobalSection(SolutionProperties) = preSolution
		HideSolutionNode = FALSE
	EndGlobalSection
	GlobalSection(ExtensibilityGlobals) = postSolution
		SolutionGuid = {E23E17D3-5D16-498E-8EB4-C0948B6086B9}
	EndGlobalSection
EndGlobal
